// !$*UTF8*$!
{
	archiveVersion = 1;
	classes = {
	};
	objectVersion = 56;
	objects = {

/* Begin PBXBuildFile section */
		A7A441BB2A1BBA0A00B99583 /* MyFirstGameApp.swift in Sources */ = {isa = PBXBuildFile; fileRef = A7A441BA2A1BBA0A00B99583 /* MyFirstGameApp.swift */; };
		A7A441BD2A1BBA0A00B99583 /* ContentView.swift in Sources */ = {isa = PBXBuildFile; fileRef = A7A441BC2A1BBA0A00B99583 /* ContentView.swift */; };
		A7A441BF2A1BBA0A00B99583 /* Assets.xcassets in Resources */ = {isa = PBXBuildFile; fileRef = A7A441BE2A1BBA0A00B99583 /* Assets.xcassets */; };
		A7A441C22A1BBA0A00B99583 /* Preview Assets.xcassets in Resources */ = {isa = PBXBuildFile; fileRef = A7A441C12A1BBA0A00B99583 /* Preview Assets.xcassets */; };
		A7A441C92A1CF74B00B99583 /* ChooseGameView.swift in Sources */ = {isa = PBXBuildFile; fileRef = A7A441C82A1CF74B00B99583 /* ChooseGameView.swift */; };
		A7A441CB2A1CF83100B99583 /* FirstGameView.swift in Sources */ = {isa = PBXBuildFile; fileRef = A7A441CA2A1CF83100B99583 /* FirstGameView.swift */; };
		A7A441CD2A1CF83B00B99583 /* SecondGameView.swift in Sources */ = {isa = PBXBuildFile; fileRef = A7A441CC2A1CF83B00B99583 /* SecondGameView.swift */; };
		A7A441CF2A1CF84500B99583 /* ThirdGameView.swift in Sources */ = {isa = PBXBuildFile; fileRef = A7A441CE2A1CF84500B99583 /* ThirdGameView.swift */; };
		A7A441D12A1D052A00B99583 /* DiceScene.rcproject in Sources */ = {isa = PBXBuildFile; fileRef = A7A441D02A1CF8F900B99583 /* DiceScene.rcproject */; };
		A7A441F82A1E0EB200B99583 /* SpinTheBottleScene.rcproject in Sources */ = {isa = PBXBuildFile; fileRef = A7A441D32A1D178A00B99583 /* SpinTheBottleScene.rcproject */; };
		A7A441FC2A1E384C00B99583 /* ThirdGameViewModel.swift in Sources */ = {isa = PBXBuildFile; fileRef = A7A441FB2A1E384C00B99583 /* ThirdGameViewModel.swift */; };
		A7A441FE2A1E3E3200B99583 /* ThirdGameViewModel2.swift in Sources */ = {isa = PBXBuildFile; fileRef = A7A441FD2A1E3E3200B99583 /* ThirdGameViewModel2.swift */; };
		A7F8A34A2A1F45EB000D03DA /* GameScene.swift in Sources */ = {isa = PBXBuildFile; fileRef = A7F8A3492A1F45EB000D03DA /* GameScene.swift */; };
		A7F8A3512A1F9868000D03DA /* Clock.mp3 in Resources */ = {isa = PBXBuildFile; fileRef = A7F8A3502A1F9868000D03DA /* Clock.mp3 */; };
		A7F8A3542A1FA131000D03DA /* Win.mp3 in Resources */ = {isa = PBXBuildFile; fileRef = A7F8A3522A1FA131000D03DA /* Win.mp3 */; };
		A7F8A3552A1FA131000D03DA /* Lose.mp3 in Resources */ = {isa = PBXBuildFile; fileRef = A7F8A3532A1FA131000D03DA /* Lose.mp3 */; };
/* End PBXBuildFile section */

/* Begin PBXFileReference section */
		A7A441B72A1BBA0A00B99583 /* MyFirstGame.app */ = {isa = PBXFileReference; explicitFileType = wrapper.application; includeInIndex = 0; path = MyFirstGame.app; sourceTree = BUILT_PRODUCTS_DIR; };
		A7A441BA2A1BBA0A00B99583 /* MyFirstGameApp.swift */ = {isa = PBXFileReference; lastKnownFileType = sourcecode.swift; path = MyFirstGameApp.swift; sourceTree = "<group>"; };
		A7A441BC2A1BBA0A00B99583 /* ContentView.swift */ = {isa = PBXFileReference; lastKnownFileType = sourcecode.swift; path = ContentView.swift; sourceTree = "<group>"; };
		A7A441BE2A1BBA0A00B99583 /* Assets.xcassets */ = {isa = PBXFileReference; lastKnownFileType = folder.assetcatalog; path = Assets.xcassets; sourceTree = "<group>"; };
		A7A441C12A1BBA0A00B99583 /* Preview Assets.xcassets */ = {isa = PBXFileReference; lastKnownFileType = folder.assetcatalog; path = "Preview Assets.xcassets"; sourceTree = "<group>"; };
		A7A441C82A1CF74B00B99583 /* ChooseGameView.swift */ = {isa = PBXFileReference; lastKnownFileType = sourcecode.swift; path = ChooseGameView.swift; sourceTree = "<group>"; };
		A7A441CA2A1CF83100B99583 /* FirstGameView.swift */ = {isa = PBXFileReference; lastKnownFileType = sourcecode.swift; path = FirstGameView.swift; sourceTree = "<group>"; };
		A7A441CC2A1CF83B00B99583 /* SecondGameView.swift */ = {isa = PBXFileReference; lastKnownFileType = sourcecode.swift; path = SecondGameView.swift; sourceTree = "<group>"; };
		A7A441CE2A1CF84500B99583 /* ThirdGameView.swift */ = {isa = PBXFileReference; lastKnownFileType = sourcecode.swift; path = ThirdGameView.swift; sourceTree = "<group>"; };
		A7A441D02A1CF8F900B99583 /* DiceScene.rcproject */ = {isa = PBXFileReference; lastKnownFileType = file.rcproject; path = DiceScene.rcproject; sourceTree = "<group>"; };
		A7A441D22A1D0D1300B99583 /* Info.plist */ = {isa = PBXFileReference; lastKnownFileType = text.plist; path = Info.plist; sourceTree = "<group>"; };
		A7A441D32A1D178A00B99583 /* SpinTheBottleScene.rcproject */ = {isa = PBXFileReference; lastKnownFileType = file.rcproject; path = SpinTheBottleScene.rcproject; sourceTree = "<group>"; };
		A7A441FB2A1E384C00B99583 /* ThirdGameViewModel.swift */ = {isa = PBXFileReference; lastKnownFileType = sourcecode.swift; path = ThirdGameViewModel.swift; sourceTree = "<group>"; };
		A7A441FD2A1E3E3200B99583 /* ThirdGameViewModel2.swift */ = {isa = PBXFileReference; lastKnownFileType = sourcecode.swift; path = ThirdGameViewModel2.swift; sourceTree = "<group>"; };
		A7F8A3492A1F45EB000D03DA /* GameScene.swift */ = {isa = PBXFileReference; lastKnownFileType = sourcecode.swift; path = GameScene.swift; sourceTree = "<group>"; };
		A7F8A3502A1F9868000D03DA /* Clock.mp3 */ = {isa = PBXFileReference; lastKnownFileType = audio.mp3; path = Clock.mp3; sourceTree = "<group>"; };
		A7F8A3522A1FA131000D03DA /* Win.mp3 */ = {isa = PBXFileReference; lastKnownFileType = audio.mp3; path = Win.mp3; sourceTree = "<group>"; };
		A7F8A3532A1FA131000D03DA /* Lose.mp3 */ = {isa = PBXFileReference; lastKnownFileType = audio.mp3; path = Lose.mp3; sourceTree = "<group>"; };
/* End PBXFileReference section */

/* Begin PBXFrameworksBuildPhase section */
		A7A441B42A1BBA0A00B99583 /* Frameworks */ = {
			isa = PBXFrameworksBuildPhase;
			buildActionMask = 2147483647;
			files = (
			);
			runOnlyForDeploymentPostprocessing = 0;
		};
/* End PBXFrameworksBuildPhase section */

/* Begin PBXGroup section */
		A7A441AE2A1BBA0900B99583 = {
			isa = PBXGroup;
			children = (
				A7A441D32A1D178A00B99583 /* SpinTheBottleScene.rcproject */,
				A7A441D02A1CF8F900B99583 /* DiceScene.rcproject */,
				A7A441B92A1BBA0A00B99583 /* MyFirstGame */,
				A7A441B82A1BBA0A00B99583 /* Products */,
			);
			sourceTree = "<group>";
		};
		A7A441B82A1BBA0A00B99583 /* Products */ = {
			isa = PBXGroup;
			children = (
				A7A441B72A1BBA0A00B99583 /* MyFirstGame.app */,
			);
			name = Products;
			sourceTree = "<group>";
		};
		A7A441B92A1BBA0A00B99583 /* MyFirstGame */ = {
			isa = PBXGroup;
			children = (
				A7F8A34B2A1F86C4000D03DA /* Sounds */,
				A7F8A3482A1F4536000D03DA /* Scenes */,
				A7A441FA2A1E382800B99583 /* ViewModels */,
				A7A441F92A1E37F400B99583 /* Views */,
				A7A441D22A1D0D1300B99583 /* Info.plist */,
				A7A441BA2A1BBA0A00B99583 /* MyFirstGameApp.swift */,
				A7A441BC2A1BBA0A00B99583 /* ContentView.swift */,
				A7A441BE2A1BBA0A00B99583 /* Assets.xcassets */,
				A7A441C02A1BBA0A00B99583 /* Preview Content */,
			);
			path = MyFirstGame;
			sourceTree = "<group>";
		};
		A7A441C02A1BBA0A00B99583 /* Preview Content */ = {
			isa = PBXGroup;
			children = (
				A7A441C12A1BBA0A00B99583 /* Preview Assets.xcassets */,
			);
			path = "Preview Content";
			sourceTree = "<group>";
		};
		A7A441F92A1E37F400B99583 /* Views */ = {
			isa = PBXGroup;
			children = (
				A7A441CE2A1CF84500B99583 /* ThirdGameView.swift */,
				A7A441CC2A1CF83B00B99583 /* SecondGameView.swift */,
				A7A441CA2A1CF83100B99583 /* FirstGameView.swift */,
				A7A441C82A1CF74B00B99583 /* ChooseGameView.swift */,
			);
			path = Views;
			sourceTree = "<group>";
		};
		A7A441FA2A1E382800B99583 /* ViewModels */ = {
			isa = PBXGroup;
			children = (
				A7A441FB2A1E384C00B99583 /* ThirdGameViewModel.swift */,
				A7A441FD2A1E3E3200B99583 /* ThirdGameViewModel2.swift */,
			);
			path = ViewModels;
			sourceTree = "<group>";
		};
		A7F8A3482A1F4536000D03DA /* Scenes */ = {
			isa = PBXGroup;
			children = (
				A7F8A3492A1F45EB000D03DA /* GameScene.swift */,
			);
			path = Scenes;
			sourceTree = "<group>";
		};
		A7F8A34B2A1F86C4000D03DA /* Sounds */ = {
			isa = PBXGroup;
			children = (
				A7F8A3522A1FA131000D03DA /* Win.mp3 */,
				A7F8A3532A1FA131000D03DA /* Lose.mp3 */,
				A7F8A3502A1F9868000D03DA /* Clock.mp3 */,
			);
			path = Sounds;
			sourceTree = "<group>";
		};
/* End PBXGroup section */

/* Begin PBXNativeTarget section */
		A7A441B62A1BBA0A00B99583 /* MyFirstGame */ = {
			isa = PBXNativeTarget;
			buildConfigurationList = A7A441C52A1BBA0A00B99583 /* Build configuration list for PBXNativeTarget "MyFirstGame" */;
			buildPhases = (
				A7A441B32A1BBA0A00B99583 /* Sources */,
				A7A441B42A1BBA0A00B99583 /* Frameworks */,
				A7A441B52A1BBA0A00B99583 /* Resources */,
			);
			buildRules = (
			);
			dependencies = (
			);
			name = MyFirstGame;
			productName = MyFirstGame;
			productReference = A7A441B72A1BBA0A00B99583 /* MyFirstGame.app */;
			productType = "com.apple.product-type.application";
		};
/* End PBXNativeTarget section */

/* Begin PBXProject section */
		A7A441AF2A1BBA0900B99583 /* Project object */ = {
			isa = PBXProject;
			attributes = {
				BuildIndependentTargetsInParallel = 1;
				LastSwiftUpdateCheck = 1430;
				LastUpgradeCheck = 1430;
				TargetAttributes = {
					A7A441B62A1BBA0A00B99583 = {
						CreatedOnToolsVersion = 14.3;
					};
				};
			};
			buildConfigurationList = A7A441B22A1BBA0900B99583 /* Build configuration list for PBXProject "MyFirstGame" */;
			compatibilityVersion = "Xcode 14.0";
			developmentRegion = en;
			hasScannedForEncodings = 0;
			knownRegions = (
				en,
				Base,
			);
			mainGroup = A7A441AE2A1BBA0900B99583;
			productRefGroup = A7A441B82A1BBA0A00B99583 /* Products */;
			projectDirPath = "";
			projectRoot = "";
			targets = (
				A7A441B62A1BBA0A00B99583 /* MyFirstGame */,
			);
		};
/* End PBXProject section */

/* Begin PBXResourcesBuildPhase section */
		A7A441B52A1BBA0A00B99583 /* Resources */ = {
			isa = PBXResourcesBuildPhase;
			buildActionMask = 2147483647;
			files = (
				A7F8A3512A1F9868000D03DA /* Clock.mp3 in Resources */,
				A7A441C22A1BBA0A00B99583 /* Preview Assets.xcassets in Resources */,
				A7F8A3552A1FA131000D03DA /* Lose.mp3 in Resources */,
				A7F8A3542A1FA131000D03DA /* Win.mp3 in Resources */,
				A7A441BF2A1BBA0A00B99583 /* Assets.xcassets in Resources */,
			);
			runOnlyForDeploymentPostprocessing = 0;
		};
/* End PBXResourcesBuildPhase section */

/* Begin PBXSourcesBuildPhase section */
		A7A441B32A1BBA0A00B99583 /* Sources */ = {
			isa = PBXSourcesBuildPhase;
			buildActionMask = 2147483647;
			files = (
				A7A441CD2A1CF83B00B99583 /* SecondGameView.swift in Sources */,
				A7A441F82A1E0EB200B99583 /* SpinTheBottleScene.rcproject in Sources */,
				A7A441C92A1CF74B00B99583 /* ChooseGameView.swift in Sources */,
				A7A441FE2A1E3E3200B99583 /* ThirdGameViewModel2.swift in Sources */,
				A7A441FC2A1E384C00B99583 /* ThirdGameViewModel.swift in Sources */,
				A7F8A34A2A1F45EB000D03DA /* GameScene.swift in Sources */,
				A7A441BD2A1BBA0A00B99583 /* ContentView.swift in Sources */,
				A7A441BB2A1BBA0A00B99583 /* MyFirstGameApp.swift in Sources */,
				A7A441CF2A1CF84500B99583 /* ThirdGameView.swift in Sources */,
				A7A441CB2A1CF83100B99583 /* FirstGameView.swift in Sources */,
				A7A441D12A1D052A00B99583 /* DiceScene.rcproject in Sources */,
			);
			runOnlyForDeploymentPostprocessing = 0;
		};
/* End PBXSourcesBuildPhase section */

/* Begin XCBuildConfiguration section */
		A7A441C32A1BBA0A00B99583 /* Debug */ = {
			isa = XCBuildConfiguration;
			buildSettings = {
				ALWAYS_SEARCH_USER_PATHS = NO;
				CLANG_ANALYZER_NONNULL = YES;
				CLANG_ANALYZER_NUMBER_OBJECT_CONVERSION = YES_AGGRESSIVE;
				CLANG_CXX_LANGUAGE_STANDARD = "gnu++20";
				CLANG_ENABLE_MODULES = YES;
				CLANG_ENABLE_OBJC_ARC = YES;
				CLANG_ENABLE_OBJC_WEAK = YES;
				CLANG_WARN_BLOCK_CAPTURE_AUTORELEASING = YES;
				CLANG_WARN_BOOL_CONVERSION = YES;
				CLANG_WARN_COMMA = YES;
				CLANG_WARN_CONSTANT_CONVERSION = YES;
				CLANG_WARN_DEPRECATED_OBJC_IMPLEMENTATIONS = YES;
				CLANG_WARN_DIRECT_OBJC_ISA_USAGE = YES_ERROR;
				CLANG_WARN_DOCUMENTATION_COMMENTS = YES;
				CLANG_WARN_EMPTY_BODY = YES;
				CLANG_WARN_ENUM_CONVERSION = YES;
				CLANG_WARN_INFINITE_RECURSION = YES;
				CLANG_WARN_INT_CONVERSION = YES;
				CLANG_WARN_NON_LITERAL_NULL_CONVERSION = YES;
				CLANG_WARN_OBJC_IMPLICIT_RETAIN_SELF = YES;
				CLANG_WARN_OBJC_LITERAL_CONVERSION = YES;
				CLANG_WARN_OBJC_ROOT_CLASS = YES_ERROR;
				CLANG_WARN_QUOTED_INCLUDE_IN_FRAMEWORK_HEADER = YES;
				CLANG_WARN_RANGE_LOOP_ANALYSIS = YES;
				CLANG_WARN_STRICT_PROTOTYPES = YES;
				CLANG_WARN_SUSPICIOUS_MOVE = YES;
				CLANG_WARN_UNGUARDED_AVAILABILITY = YES_AGGRESSIVE;
				CLANG_WARN_UNREACHABLE_CODE = YES;
				CLANG_WARN__DUPLICATE_METHOD_MATCH = YES;
				COPY_PHASE_STRIP = NO;
				DEBUG_INFORMATION_FORMAT = dwarf;
				ENABLE_STRICT_OBJC_MSGSEND = YES;
				ENABLE_TESTABILITY = YES;
				GCC_C_LANGUAGE_STANDARD = gnu11;
				GCC_DYNAMIC_NO_PIC = NO;
				GCC_NO_COMMON_BLOCKS = YES;
				GCC_OPTIMIZATION_LEVEL = 0;
				GCC_PREPROCESSOR_DEFINITIONS = (
					"DEBUG=1",
					"$(inherited)",
				);
				GCC_WARN_64_TO_32_BIT_CONVERSION = YES;
				GCC_WARN_ABOUT_RETURN_TYPE = YES_ERROR;
				GCC_WARN_UNDECLARED_SELECTOR = YES;
				GCC_WARN_UNINITIALIZED_AUTOS = YES_AGGRESSIVE;
				GCC_WARN_UNUSED_FUNCTION = YES;
				GCC_WARN_UNUSED_VARIABLE = YES;
				IPHONEOS_DEPLOYMENT_TARGET = 16.4;
				MTL_ENABLE_DEBUG_INFO = INCLUDE_SOURCE;
				MTL_FAST_MATH = YES;
				ONLY_ACTIVE_ARCH = YES;
				SDKROOT = iphoneos;
				SWIFT_ACTIVE_COMPILATION_CONDITIONS = DEBUG;
				SWIFT_OPTIMIZATION_LEVEL = "-Onone";
			};
			name = Debug;
		};
		A7A441C42A1BBA0A00B99583 /* Release */ = {
			isa = XCBuildConfiguration;
			buildSettings = {
				ALWAYS_SEARCH_USER_PATHS = NO;
				CLANG_ANALYZER_NONNULL = YES;
				CLANG_ANALYZER_NUMBER_OBJECT_CONVERSION = YES_AGGRESSIVE;
				CLANG_CXX_LANGUAGE_STANDARD = "gnu++20";
				CLANG_ENABLE_MODULES = YES;
				CLANG_ENABLE_OBJC_ARC = YES;
				CLANG_ENABLE_OBJC_WEAK = YES;
				CLANG_WARN_BLOCK_CAPTURE_AUTORELEASING = YES;
				CLANG_WARN_BOOL_CONVERSION = YES;
				CLANG_WARN_COMMA = YES;
				CLANG_WARN_CONSTANT_CONVERSION = YES;
				CLANG_WARN_DEPRECATED_OBJC_IMPLEMENTATIONS = YES;
				CLANG_WARN_DIRECT_OBJC_ISA_USAGE = YES_ERROR;
				CLANG_WARN_DOCUMENTATION_COMMENTS = YES;
				CLANG_WARN_EMPTY_BODY = YES;
				CLANG_WARN_ENUM_CONVERSION = YES;
				CLANG_WARN_INFINITE_RECURSION = YES;
				CLANG_WARN_INT_CONVERSION = YES;
				CLANG_WARN_NON_LITERAL_NULL_CONVERSION = YES;
				CLANG_WARN_OBJC_IMPLICIT_RETAIN_SELF = YES;
				CLANG_WARN_OBJC_LITERAL_CONVERSION = YES;
				CLANG_WARN_OBJC_ROOT_CLASS = YES_ERROR;
				CLANG_WARN_QUOTED_INCLUDE_IN_FRAMEWORK_HEADER = YES;
				CLANG_WARN_RANGE_LOOP_ANALYSIS = YES;
				CLANG_WARN_STRICT_PROTOTYPES = YES;
				CLANG_WARN_SUSPICIOUS_MOVE = YES;
				CLANG_WARN_UNGUARDED_AVAILABILITY = YES_AGGRESSIVE;
				CLANG_WARN_UNREACHABLE_CODE = YES;
				CLANG_WARN__DUPLICATE_METHOD_MATCH = YES;
				COPY_PHASE_STRIP = NO;
				DEBUG_INFORMATION_FORMAT = "dwarf-with-dsym";
				ENABLE_NS_ASSERTIONS = NO;
				ENABLE_STRICT_OBJC_MSGSEND = YES;
				GCC_C_LANGUAGE_STANDARD = gnu11;
				GCC_NO_COMMON_BLOCKS = YES;
				GCC_WARN_64_TO_32_BIT_CONVERSION = YES;
				GCC_WARN_ABOUT_RETURN_TYPE = YES_ERROR;
				GCC_WARN_UNDECLARED_SELECTOR = YES;
				GCC_WARN_UNINITIALIZED_AUTOS = YES_AGGRESSIVE;
				GCC_WARN_UNUSED_FUNCTION = YES;
				GCC_WARN_UNUSED_VARIABLE = YES;
				IPHONEOS_DEPLOYMENT_TARGET = 16.4;
				MTL_ENABLE_DEBUG_INFO = NO;
				MTL_FAST_MATH = YES;
				SDKROOT = iphoneos;
				SWIFT_COMPILATION_MODE = wholemodule;
				SWIFT_OPTIMIZATION_LEVEL = "-O";
				VALIDATE_PRODUCT = YES;
			};
			name = Release;
		};
		A7A441C62A1BBA0A00B99583 /* Debug */ = {
			isa = XCBuildConfiguration;
			buildSettings = {
				ASSETCATALOG_COMPILER_APPICON_NAME = AppIcon;
				ASSETCATALOG_COMPILER_GLOBAL_ACCENT_COLOR_NAME = AccentColor;
				CODE_SIGN_STYLE = Automatic;
				CURRENT_PROJECT_VERSION = 1;
				DEVELOPMENT_ASSET_PATHS = "\"MyFirstGame/Preview Content\"";
				DEVELOPMENT_TEAM = PN4S8JA5KM;
				ENABLE_PREVIEWS = YES;
				GENERATE_INFOPLIST_FILE = YES;
				INFOPLIST_FILE = MyFirstGame/Info.plist;
				INFOPLIST_KEY_LSApplicationCategoryType = "";
				INFOPLIST_KEY_NSCameraUsageDescription = "Augmented Reality";
				INFOPLIST_KEY_UIApplicationSceneManifest_Generation = YES;
				INFOPLIST_KEY_UIApplicationSupportsIndirectInputEvents = YES;
				INFOPLIST_KEY_UILaunchScreen_Generation = YES;
				INFOPLIST_KEY_UIRequiredDeviceCapabilities = arkit;
				INFOPLIST_KEY_UISupportedInterfaceOrientations_iPad = "UIInterfaceOrientationPortrait UIInterfaceOrientationPortraitUpsideDown UIInterfaceOrientationLandscapeLeft UIInterfaceOrientationLandscapeRight";
				INFOPLIST_KEY_UISupportedInterfaceOrientations_iPhone = "UIInterfaceOrientationPortrait UIInterfaceOrientationLandscapeLeft UIInterfaceOrientationLandscapeRight";
				INFOPLIST_KEY_UIUserInterfaceStyle = Light;
				LD_RUNPATH_SEARCH_PATHS = (
					"$(inherited)",
					"@executable_path/Frameworks",
				);
				MARKETING_VERSION = 1.0;
				PRODUCT_BUNDLE_IDENTIFIER = com.dea.MyFirstGame;
				PRODUCT_NAME = "$(TARGET_NAME)";
				SWIFT_EMIT_LOC_STRINGS = YES;
				SWIFT_VERSION = 5.0;
				TARGETED_DEVICE_FAMILY = "1,2";
			};
			name = Debug;
		};
		A7A441C72A1BBA0A00B99583 /* Release */ = {
			isa = XCBuildConfiguration;
			buildSettings = {
				ASSETCATALOG_COMPILER_APPICON_NAME = AppIcon;
				ASSETCATALOG_COMPILER_GLOBAL_ACCENT_COLOR_NAME = AccentColor;
				CODE_SIGN_STYLE = Automatic;
				CURRENT_PROJECT_VERSION = 1;
				DEVELOPMENT_ASSET_PATHS = "\"MyFirstGame/Preview Content\"";
				DEVELOPMENT_TEAM = PN4S8JA5KM;
				ENABLE_PREVIEWS = YES;
				GENERATE_INFOPLIST_FILE = YES;
				INFOPLIST_FILE = MyFirstGame/Info.plist;
				INFOPLIST_KEY_LSApplicationCategoryType = "";
				INFOPLIST_KEY_NSCameraUsageDescription = "Augmented Reality";
				INFOPLIST_KEY_UIApplicationSceneManifest_Generation = YES;
				INFOPLIST_KEY_UIApplicationSupportsIndirectInputEvents = YES;
				INFOPLIST_KEY_UILaunchScreen_Generation = YES;
				INFOPLIST_KEY_UIRequiredDeviceCapabilities = arkit;
				INFOPLIST_KEY_UISupportedInterfaceOrientations_iPad = "UIInterfaceOrientationPortrait UIInterfaceOrientationPortraitUpsideDown UIInterfaceOrientationLandscapeLeft UIInterfaceOrientationLandscapeRight";
				INFOPLIST_KEY_UISupportedInterfaceOrientations_iPhone = "UIInterfaceOrientationPortrait UIInterfaceOrientationLandscapeLeft UIInterfaceOrientationLandscapeRight";
				INFOPLIST_KEY_UIUserInterfaceStyle = Light;
				LD_RUNPATH_SEARCH_PATHS = (
					"$(inherited)",
					"@executable_path/Frameworks",
				);
				MARKETING_VERSION = 1.0;
				PRODUCT_BUNDLE_IDENTIFIER = com.dea.MyFirstGame;
				PRODUCT_NAME = "$(TARGET_NAME)";
				SWIFT_EMIT_LOC_STRINGS = YES;
				SWIFT_VERSION = 5.0;
				TARGETED_DEVICE_FAMILY = "1,2";
			};
			name = Release;
		};
/* End XCBuildConfiguration section */

/* Begin XCConfigurationList section */
		A7A441B22A1BBA0900B99583 /* Build configuration list for PBXProject "MyFirstGame" */ = {
			isa = XCConfigurationList;
			buildConfigurations = (
				A7A441C32A1BBA0A00B99583 /* Debug */,
				A7A441C42A1BBA0A00B99583 /* Release */,
			);
			defaultConfigurationIsVisible = 0;
			defaultConfigurationName = Release;
		};
		A7A441C52A1BBA0A00B99583 /* Build configuration list for PBXNativeTarget "MyFirstGame" */ = {
			isa = XCConfigurationList;
			buildConfigurations = (
				A7A441C62A1BBA0A00B99583 /* Debug */,
				A7A441C72A1BBA0A00B99583 /* Release */,
			);
			defaultConfigurationIsVisible = 0;
			defaultConfigurationName = Release;
		};
/* End XCConfigurationList section */
	};
	rootObject = A7A441AF2A1BBA0900B99583 /* Project object */;
}
